
Microsoft Visual Studio Solution File, Format Version 12.00
# Visual Studio Version 16
VisualStudioVersion = 16.0.31911.196
MinimumVisualStudioVersion = 10.0.40219.1
Project("{FAE04EC0-301F-11D3-BF4B-00C04F79EFBC}") = "CampusForum", "CampusForum\CampusForum.csproj", "{ABD83ADB-28B7-4A5C-8DDF-049748637C9A}"
EndProject
Global
	GlobalSection(SolutionConfigurationPlatforms) = preSolution
		Debug|Any CPU = Debug|Any CPU
		Release|Any CPU = Release|Any CPU
	EndGlobalSection
	GlobalSection(ProjectConfigurationPlatforms) = postSolution
		{ABD83ADB-28B7-4A5C-8DDF-049748637C9A}.Debug|Any CPU.ActiveCfg = Debug|Any CPU
		{ABD83ADB-28B7-4A5C-8DDF-049748637C9A}.Debug|Any CPU.Build.0 = Debug|Any CPU
		{ABD83ADB-28B7-4A5C-8DDF-049748637C9A}.Release|Any CPU.ActiveCfg = Release|Any CPU
		{ABD83ADB-28B7-4A5C-8DDF-049748637C9A}.Release|Any CPU.Build.0 = Release|Any CPU
	EndGlobalSection
	GlobalSection(SolutionProperties) = preSolution
		HideSolutionNode = FALSE
	EndGlobalSection
	GlobalSection(ExtensibilityGlobals) = postSolution
		SolutionGuid = {A8D339DE-DFE5-46D1-8893-D6BF18B61EF8}
	EndGlobalSection
EndGlobal
